// !$*UTF8*$!
{
	archiveVersion = 1;
	classes = {
	};
	objectVersion = 56;
	objects = {

/* Begin PBXBuildFile section */
		8B0C0D132CEB8E18004EBFEE /* SelectionSort.swift in Sources */ = {isa = PBXBuildFile; fileRef = 8B0C0D122CEB8E18004EBFEE /* SelectionSort.swift */; };
		8B0C0D152CF0B806004EBFEE /* InsertionSort.swift in Sources */ = {isa = PBXBuildFile; fileRef = 8B0C0D142CF0B806004EBFEE /* InsertionSort.swift */; };
		8B0C0D172CF0BFCA004EBFEE /* RadixSort.swift in Sources */ = {isa = PBXBuildFile; fileRef = 8B0C0D162CF0BFCA004EBFEE /* RadixSort.swift */; };
		8B7F3DF82CEA04410091ECB7 /* main.swift in Sources */ = {isa = PBXBuildFile; fileRef = 8B7F3DF72CEA04410091ECB7 /* main.swift */; };
		8B7F3E012CEA04B00091ECB7 /* B_2566.swift in Sources */ = {isa = PBXBuildFile; fileRef = 8B7F3E002CEA04B00091ECB7 /* B_2566.swift */; };
		8B7F3E032CEA04BA0091ECB7 /* B_1546.swift in Sources */ = {isa = PBXBuildFile; fileRef = 8B7F3E022CEA04BA0091ECB7 /* B_1546.swift */; };
		8B7F3E052CEA05100091ECB7 /* B_23968.swift in Sources */ = {isa = PBXBuildFile; fileRef = 8B7F3E042CEA05100091ECB7 /* B_23968.swift */; };
		8B7F3E072CEA058B0091ECB7 /* B_2750.swift in Sources */ = {isa = PBXBuildFile; fileRef = 8B7F3E062CEA058B0091ECB7 /* B_2750.swift */; };
		8B7F3E092CEA05BF0091ECB7 /* DoublyLinkedList.swift in Sources */ = {isa = PBXBuildFile; fileRef = 8B7F3E082CEA05BF0091ECB7 /* DoublyLinkedList.swift */; };
		8B7F3E0B2CEA05C80091ECB7 /* BubbleSort.swift in Sources */ = {isa = PBXBuildFile; fileRef = 8B7F3E0A2CEA05C80091ECB7 /* BubbleSort.swift */; };
/* End PBXBuildFile section */

/* Begin PBXCopyFilesBuildPhase section */
		8B7F3DF22CEA04410091ECB7 /* CopyFiles */ = {
			isa = PBXCopyFilesBuildPhase;
			buildActionMask = 2147483647;
			dstPath = /usr/share/man/man1/;
			dstSubfolderSpec = 0;
			files = (
			);
			runOnlyForDeploymentPostprocessing = 1;
		};
/* End PBXCopyFilesBuildPhase section */

/* Begin PBXFileReference section */
		8B0C0D122CEB8E18004EBFEE /* SelectionSort.swift */ = {isa = PBXFileReference; lastKnownFileType = sourcecode.swift; path = SelectionSort.swift; sourceTree = "<group>"; };
		8B0C0D142CF0B806004EBFEE /* InsertionSort.swift */ = {isa = PBXFileReference; lastKnownFileType = sourcecode.swift; path = InsertionSort.swift; sourceTree = "<group>"; };
		8B0C0D162CF0BFCA004EBFEE /* RadixSort.swift */ = {isa = PBXFileReference; lastKnownFileType = sourcecode.swift; path = RadixSort.swift; sourceTree = "<group>"; };
		8B7F3DF42CEA04410091ECB7 /* Yejin */ = {isa = PBXFileReference; explicitFileType = "compiled.mach-o.executable"; includeInIndex = 0; path = Yejin; sourceTree = BUILT_PRODUCTS_DIR; };
		8B7F3DF72CEA04410091ECB7 /* main.swift */ = {isa = PBXFileReference; lastKnownFileType = sourcecode.swift; path = main.swift; sourceTree = "<group>"; };
		8B7F3E002CEA04B00091ECB7 /* B_2566.swift */ = {isa = PBXFileReference; lastKnownFileType = sourcecode.swift; path = B_2566.swift; sourceTree = "<group>"; };
		8B7F3E022CEA04BA0091ECB7 /* B_1546.swift */ = {isa = PBXFileReference; lastKnownFileType = sourcecode.swift; path = B_1546.swift; sourceTree = "<group>"; };
		8B7F3E042CEA05100091ECB7 /* B_23968.swift */ = {isa = PBXFileReference; lastKnownFileType = sourcecode.swift; path = B_23968.swift; sourceTree = "<group>"; };
		8B7F3E062CEA058B0091ECB7 /* B_2750.swift */ = {isa = PBXFileReference; lastKnownFileType = sourcecode.swift; path = B_2750.swift; sourceTree = "<group>"; };
		8B7F3E082CEA05BF0091ECB7 /* DoublyLinkedList.swift */ = {isa = PBXFileReference; lastKnownFileType = sourcecode.swift; path = DoublyLinkedList.swift; sourceTree = "<group>"; };
		8B7F3E0A2CEA05C80091ECB7 /* BubbleSort.swift */ = {isa = PBXFileReference; lastKnownFileType = sourcecode.swift; path = BubbleSort.swift; sourceTree = "<group>"; };
/* End PBXFileReference section */

/* Begin PBXFrameworksBuildPhase section */
		8B7F3DF12CEA04410091ECB7 /* Frameworks */ = {
			isa = PBXFrameworksBuildPhase;
			buildActionMask = 2147483647;
			files = (
			);
			runOnlyForDeploymentPostprocessing = 0;
		};
/* End PBXFrameworksBuildPhase section */

/* Begin PBXGroup section */
		8B7F3DEB2CEA04410091ECB7 = {
			isa = PBXGroup;
			children = (
				8B7F3DF62CEA04410091ECB7 /* Yejin */,
				8B7F3DF52CEA04410091ECB7 /* Products */,
			);
			sourceTree = "<group>";
		};
		8B7F3DF52CEA04410091ECB7 /* Products */ = {
			isa = PBXGroup;
			children = (
				8B7F3DF42CEA04410091ECB7 /* Yejin */,
			);
			name = Products;
			sourceTree = "<group>";
		};
		8B7F3DF62CEA04410091ECB7 /* Yejin */ = {
			isa = PBXGroup;
			children = (
				8B7F3DFF2CEA04760091ECB7 /* BaekJoon */,
				8B7F3DFE2CEA046D0091ECB7 /* CodeTree */,
				8B7F3DF72CEA04410091ECB7 /* main.swift */,
			);
			path = Yejin;
			sourceTree = "<group>";
		};
		8B7F3DFE2CEA046D0091ECB7 /* CodeTree */ = {
			isa = PBXGroup;
			children = (
				8B7F3E082CEA05BF0091ECB7 /* DoublyLinkedList.swift */,
				8B7F3E0A2CEA05C80091ECB7 /* BubbleSort.swift */,
				8B0C0D122CEB8E18004EBFEE /* SelectionSort.swift */,
				8B0C0D142CF0B806004EBFEE /* InsertionSort.swift */,
				8B0C0D162CF0BFCA004EBFEE /* RadixSort.swift */,
			);
			path = CodeTree;
			sourceTree = "<group>";
		};
		8B7F3DFF2CEA04760091ECB7 /* BaekJoon */ = {
			isa = PBXGroup;
			children = (
				8B7F3E002CEA04B00091ECB7 /* B_2566.swift */,
				8B7F3E022CEA04BA0091ECB7 /* B_1546.swift */,
				8B7F3E042CEA05100091ECB7 /* B_23968.swift */,
				8B7F3E062CEA058B0091ECB7 /* B_2750.swift */,
			);
			path = BaekJoon;
			sourceTree = "<group>";
		};
/* End PBXGroup section */

/* Begin PBXNativeTarget section */
		8B7F3DF32CEA04410091ECB7 /* Yejin */ = {
			isa = PBXNativeTarget;
			buildConfigurationList = 8B7F3DFB2CEA04410091ECB7 /* Build configuration list for PBXNativeTarget "Yejin" */;
			buildPhases = (
				8B7F3DF02CEA04410091ECB7 /* Sources */,
				8B7F3DF12CEA04410091ECB7 /* Frameworks */,
				8B7F3DF22CEA04410091ECB7 /* CopyFiles */,
			);
			buildRules = (
			);
			dependencies = (
			);
			name = Yejin;
			productName = Yejin;
			productReference = 8B7F3DF42CEA04410091ECB7 /* Yejin */;
			productType = "com.apple.product-type.tool";
		};
/* End PBXNativeTarget section */

/* Begin PBXProject section */
		8B7F3DEC2CEA04410091ECB7 /* Project object */ = {
			isa = PBXProject;
			attributes = {
				BuildIndependentTargetsInParallel = 1;
				LastSwiftUpdateCheck = 1540;
				LastUpgradeCheck = 1540;
				TargetAttributes = {
					8B7F3DF32CEA04410091ECB7 = {
						CreatedOnToolsVersion = 15.4;
					};
				};
			};
			buildConfigurationList = 8B7F3DEF2CEA04410091ECB7 /* Build configuration list for PBXProject "Yejin" */;
			compatibilityVersion = "Xcode 14.0";
			developmentRegion = en;
			hasScannedForEncodings = 0;
			knownRegions = (
				en,
				Base,
			);
			mainGroup = 8B7F3DEB2CEA04410091ECB7;
			productRefGroup = 8B7F3DF52CEA04410091ECB7 /* Products */;
			projectDirPath = "";
			projectRoot = "";
			targets = (
				8B7F3DF32CEA04410091ECB7 /* Yejin */,
			);
		};
/* End PBXProject section */

/* Begin PBXSourcesBuildPhase section */
		8B7F3DF02CEA04410091ECB7 /* Sources */ = {
			isa = PBXSourcesBuildPhase;
			buildActionMask = 2147483647;
			files = (
				8B0C0D152CF0B806004EBFEE /* InsertionSort.swift in Sources */,
				8B7F3E032CEA04BA0091ECB7 /* B_1546.swift in Sources */,
				8B0C0D172CF0BFCA004EBFEE /* RadixSort.swift in Sources */,
				8B7F3E092CEA05BF0091ECB7 /* DoublyLinkedList.swift in Sources */,
				8B7F3E052CEA05100091ECB7 /* B_23968.swift in Sources */,
				8B7F3DF82CEA04410091ECB7 /* main.swift in Sources */,
				8B0C0D132CEB8E18004EBFEE /* SelectionSort.swift in Sources */,
				8B7F3E072CEA058B0091ECB7 /* B_2750.swift in Sources */,
				8B7F3E0B2CEA05C80091ECB7 /* BubbleSort.swift in Sources */,
				8B7F3E012CEA04B00091ECB7 /* B_2566.swift in Sources */,
			);
			runOnlyForDeploymentPostprocessing = 0;
		};
/* End PBXSourcesBuildPhase section */

/* Begin XCBuildConfiguration section */
		8B7F3DF92CEA04410091ECB7 /* Debug */ = {
			isa = XCBuildConfiguration;
			buildSettings = {
				ALWAYS_SEARCH_USER_PATHS = NO;
				ASSETCATALOG_COMPILER_GENERATE_SWIFT_ASSET_SYMBOL_EXTENSIONS = YES;
				CLANG_ANALYZER_NONNULL = YES;
				CLANG_ANALYZER_NUMBER_OBJECT_CONVERSION = YES_AGGRESSIVE;
				CLANG_CXX_LANGUAGE_STANDARD = "gnu++20";
				CLANG_ENABLE_MODULES = YES;
				CLANG_ENABLE_OBJC_ARC = YES;
				CLANG_ENABLE_OBJC_WEAK = YES;
				CLANG_WARN_BLOCK_CAPTURE_AUTORELEASING = YES;
				CLANG_WARN_BOOL_CONVERSION = YES;
				CLANG_WARN_COMMA = YES;
				CLANG_WARN_CONSTANT_CONVERSION = YES;
				CLANG_WARN_DEPRECATED_OBJC_IMPLEMENTATIONS = YES;
				CLANG_WARN_DIRECT_OBJC_ISA_USAGE = YES_ERROR;
				CLANG_WARN_DOCUMENTATION_COMMENTS = YES;
				CLANG_WARN_EMPTY_BODY = YES;
				CLANG_WARN_ENUM_CONVERSION = YES;
				CLANG_WARN_INFINITE_RECURSION = YES;
				CLANG_WARN_INT_CONVERSION = YES;
				CLANG_WARN_NON_LITERAL_NULL_CONVERSION = YES;
				CLANG_WARN_OBJC_IMPLICIT_RETAIN_SELF = YES;
				CLANG_WARN_OBJC_LITERAL_CONVERSION = YES;
				CLANG_WARN_OBJC_ROOT_CLASS = YES_ERROR;
				CLANG_WARN_QUOTED_INCLUDE_IN_FRAMEWORK_HEADER = YES;
				CLANG_WARN_RANGE_LOOP_ANALYSIS = YES;
				CLANG_WARN_STRICT_PROTOTYPES = YES;
				CLANG_WARN_SUSPICIOUS_MOVE = YES;
				CLANG_WARN_UNGUARDED_AVAILABILITY = YES_AGGRESSIVE;
				CLANG_WARN_UNREACHABLE_CODE = YES;
				CLANG_WARN__DUPLICATE_METHOD_MATCH = YES;
				COPY_PHASE_STRIP = NO;
				DEBUG_INFORMATION_FORMAT = dwarf;
				ENABLE_STRICT_OBJC_MSGSEND = YES;
				ENABLE_TESTABILITY = YES;
				ENABLE_USER_SCRIPT_SANDBOXING = YES;
				GCC_C_LANGUAGE_STANDARD = gnu17;
				GCC_DYNAMIC_NO_PIC = NO;
				GCC_NO_COMMON_BLOCKS = YES;
				GCC_OPTIMIZATION_LEVEL = 0;
				GCC_PREPROCESSOR_DEFINITIONS = (
					"DEBUG=1",
					"$(inherited)",
				);
				GCC_WARN_64_TO_32_BIT_CONVERSION = YES;
				GCC_WARN_ABOUT_RETURN_TYPE = YES_ERROR;
				GCC_WARN_UNDECLARED_SELECTOR = YES;
				GCC_WARN_UNINITIALIZED_AUTOS = YES_AGGRESSIVE;
				GCC_WARN_UNUSED_FUNCTION = YES;
				GCC_WARN_UNUSED_VARIABLE = YES;
				LOCALIZATION_PREFERS_STRING_CATALOGS = YES;
				MACOSX_DEPLOYMENT_TARGET = 14.5;
				MTL_ENABLE_DEBUG_INFO = INCLUDE_SOURCE;
				MTL_FAST_MATH = YES;
				ONLY_ACTIVE_ARCH = YES;
				SDKROOT = macosx;
				SWIFT_ACTIVE_COMPILATION_CONDITIONS = "DEBUG $(inherited)";
				SWIFT_OPTIMIZATION_LEVEL = "-Onone";
			};
			name = Debug;
		};
		8B7F3DFA2CEA04410091ECB7 /* Release */ = {
			isa = XCBuildConfiguration;
			buildSettings = {
				ALWAYS_SEARCH_USER_PATHS = NO;
				ASSETCATALOG_COMPILER_GENERATE_SWIFT_ASSET_SYMBOL_EXTENSIONS = YES;
				CLANG_ANALYZER_NONNULL = YES;
				CLANG_ANALYZER_NUMBER_OBJECT_CONVERSION = YES_AGGRESSIVE;
				CLANG_CXX_LANGUAGE_STANDARD = "gnu++20";
				CLANG_ENABLE_MODULES = YES;
				CLANG_ENABLE_OBJC_ARC = YES;
				CLANG_ENABLE_OBJC_WEAK = YES;
				CLANG_WARN_BLOCK_CAPTURE_AUTORELEASING = YES;
				CLANG_WARN_BOOL_CONVERSION = YES;
				CLANG_WARN_COMMA = YES;
				CLANG_WARN_CONSTANT_CONVERSION = YES;
				CLANG_WARN_DEPRECATED_OBJC_IMPLEMENTATIONS = YES;
				CLANG_WARN_DIRECT_OBJC_ISA_USAGE = YES_ERROR;
				CLANG_WARN_DOCUMENTATION_COMMENTS = YES;
				CLANG_WARN_EMPTY_BODY = YES;
				CLANG_WARN_ENUM_CONVERSION = YES;
				CLANG_WARN_INFINITE_RECURSION = YES;
				CLANG_WARN_INT_CONVERSION = YES;
				CLANG_WARN_NON_LITERAL_NULL_CONVERSION = YES;
				CLANG_WARN_OBJC_IMPLICIT_RETAIN_SELF = YES;
				CLANG_WARN_OBJC_LITERAL_CONVERSION = YES;
				CLANG_WARN_OBJC_ROOT_CLASS = YES_ERROR;
				CLANG_WARN_QUOTED_INCLUDE_IN_FRAMEWORK_HEADER = YES;
				CLANG_WARN_RANGE_LOOP_ANALYSIS = YES;
				CLANG_WARN_STRICT_PROTOTYPES = YES;
				CLANG_WARN_SUSPICIOUS_MOVE = YES;
				CLANG_WARN_UNGUARDED_AVAILABILITY = YES_AGGRESSIVE;
				CLANG_WARN_UNREACHABLE_CODE = YES;
				CLANG_WARN__DUPLICATE_METHOD_MATCH = YES;
				COPY_PHASE_STRIP = NO;
				DEBUG_INFORMATION_FORMAT = "dwarf-with-dsym";
				ENABLE_NS_ASSERTIONS = NO;
				ENABLE_STRICT_OBJC_MSGSEND = YES;
				ENABLE_USER_SCRIPT_SANDBOXING = YES;
				GCC_C_LANGUAGE_STANDARD = gnu17;
				GCC_NO_COMMON_BLOCKS = YES;
				GCC_WARN_64_TO_32_BIT_CONVERSION = YES;
				GCC_WARN_ABOUT_RETURN_TYPE = YES_ERROR;
				GCC_WARN_UNDECLARED_SELECTOR = YES;
				GCC_WARN_UNINITIALIZED_AUTOS = YES_AGGRESSIVE;
				GCC_WARN_UNUSED_FUNCTION = YES;
				GCC_WARN_UNUSED_VARIABLE = YES;
				LOCALIZATION_PREFERS_STRING_CATALOGS = YES;
				MACOSX_DEPLOYMENT_TARGET = 14.5;
				MTL_ENABLE_DEBUG_INFO = NO;
				MTL_FAST_MATH = YES;
				SDKROOT = macosx;
				SWIFT_COMPILATION_MODE = wholemodule;
			};
			name = Release;
		};
		8B7F3DFC2CEA04410091ECB7 /* Debug */ = {
			isa = XCBuildConfiguration;
			buildSettings = {
				CODE_SIGN_STYLE = Automatic;
				DEVELOPMENT_TEAM = 283MVWC922;
				ENABLE_HARDENED_RUNTIME = YES;
				PRODUCT_NAME = "$(TARGET_NAME)";
				SWIFT_VERSION = 5.0;
			};
			name = Debug;
		};
		8B7F3DFD2CEA04410091ECB7 /* Release */ = {
			isa = XCBuildConfiguration;
			buildSettings = {
				CODE_SIGN_STYLE = Automatic;
				DEVELOPMENT_TEAM = 283MVWC922;
				ENABLE_HARDENED_RUNTIME = YES;
				PRODUCT_NAME = "$(TARGET_NAME)";
				SWIFT_VERSION = 5.0;
			};
			name = Release;
		};
/* End XCBuildConfiguration section */

/* Begin XCConfigurationList section */
		8B7F3DEF2CEA04410091ECB7 /* Build configuration list for PBXProject "Yejin" */ = {
			isa = XCConfigurationList;
			buildConfigurations = (
				8B7F3DF92CEA04410091ECB7 /* Debug */,
				8B7F3DFA2CEA04410091ECB7 /* Release */,
			);
			defaultConfigurationIsVisible = 0;
			defaultConfigurationName = Release;
		};
		8B7F3DFB2CEA04410091ECB7 /* Build configuration list for PBXNativeTarget "Yejin" */ = {
			isa = XCConfigurationList;
			buildConfigurations = (
				8B7F3DFC2CEA04410091ECB7 /* Debug */,
				8B7F3DFD2CEA04410091ECB7 /* Release */,
			);
			defaultConfigurationIsVisible = 0;
			defaultConfigurationName = Release;
		};
/* End XCConfigurationList section */
	};
	rootObject = 8B7F3DEC2CEA04410091ECB7 /* Project object */;
}
